// !$*UTF8*$!
{
	archiveVersion = 1;
	classes = {
	};
	objectVersion = 77;
	objects = {

/* Begin PBXBuildFile section */
		7023D0DF2DD23EDA000A3E51 /* SwiftUIRelux in Frameworks */ = {isa = PBXBuildFile; productRef = 70A604CB2D9169E300BE2349 /* SwiftUIRelux */; };
		704F5C342E168CBD00FCAE62 /* Relux in Frameworks */ = {isa = PBXBuildFile; productRef = 704F5C332E168CBD00FCAE62 /* Relux */; };
		704F5C372E168D3500FCAE62 /* SwiftUIRelux in Frameworks */ = {isa = PBXBuildFile; productRef = 704F5C362E168D3500FCAE62 /* SwiftUIRelux */; };
		70992C1D2DDDFDA6007767C7 /* Relux in Frameworks */ = {isa = PBXBuildFile; productRef = 70A604BA2D8F401600BE2349 /* Relux */; };
		70992C1E2DDDFDA6007767C7 /* Relux in Frameworks */ = {isa = PBXBuildFile; productRef = 701F04CA2D93062700BC99C2 /* Relux */; };
		70992C1F2DDDFDA6007767C7 /* Relux in Frameworks */ = {isa = PBXBuildFile; productRef = 70A39F1E2DBAB02600112F5E /* Relux */; };
		70992D3F2DDDFE8E007767C7 /* Logging in Frameworks */ = {isa = PBXBuildFile; productRef = 70992D3E2DDDFE8E007767C7 /* Logging */; };
		70A603E72D8ED02000BE2349 /* SwiftIoC in Frameworks */ = {isa = PBXBuildFile; productRef = 70A603E62D8ED02000BE2349 /* SwiftIoC */; };
		70A604C92D9169CD00BE2349 /* ReluxRouter in Frameworks */ = {isa = PBXBuildFile; productRef = 70A604C82D9169CD00BE2349 /* ReluxRouter */; };
		70E0BEEF2E00000100000023 /* AuthUIAPI in Frameworks */ = {isa = PBXBuildFile; productRef = 70E0BEEF2E00000100000013 /* AuthUIAPI */; };
		70E0BEEF2E00000100000024 /* AuthUI in Frameworks */ = {isa = PBXBuildFile; productRef = 70E0BEEF2E00000100000014 /* AuthUI */; };
		AA109AC12EE9584700199C81 /* NotesModels in Frameworks */ = {isa = PBXBuildFile; productRef = AA109AC02EE9584700199C81 /* NotesModels */; };
		AA109AC32EE9584700199C81 /* NotesReluxImpl in Frameworks */ = {isa = PBXBuildFile; productRef = AA109AC22EE9584700199C81 /* NotesReluxImpl */; };
		AA109AC52EE9584700199C81 /* NotesReluxInt in Frameworks */ = {isa = PBXBuildFile; productRef = AA109AC42EE9584700199C81 /* NotesReluxInt */; };
		AA109AC72EE9584700199C81 /* NotesServiceImpl in Frameworks */ = {isa = PBXBuildFile; productRef = AA109AC62EE9584700199C81 /* NotesServiceImpl */; };
		AA109AC92EE9584700199C81 /* NotesServiceInt in Frameworks */ = {isa = PBXBuildFile; productRef = AA109AC82EE9584700199C81 /* NotesServiceInt */; };
		AA109ACB2EE9584700199C81 /* NotesTestSupport in Frameworks */ = {isa = PBXBuildFile; productRef = AA109ACA2EE9584700199C81 /* NotesTestSupport */; };
		AA109ACE2EE9585A00199C81 /* NotesUI in Frameworks */ = {isa = PBXBuildFile; productRef = AA109ACD2EE9585A00199C81 /* NotesUI */; };
		AA109AD02EE9585A00199C81 /* NotesUIAPI in Frameworks */ = {isa = PBXBuildFile; productRef = AA109ACF2EE9585A00199C81 /* NotesUIAPI */; };
		AA109AD32EE9595200199C81 /* NotesModels in Frameworks */ = {isa = PBXBuildFile; productRef = AA109AD22EE9595200199C81 /* NotesModels */; };
		AA109AD52EE9595200199C81 /* NotesReluxImpl in Frameworks */ = {isa = PBXBuildFile; productRef = AA109AD42EE9595200199C81 /* NotesReluxImpl */; };
		AA109AD72EE9595200199C81 /* NotesReluxInt in Frameworks */ = {isa = PBXBuildFile; productRef = AA109AD62EE9595200199C81 /* NotesReluxInt */; };
		AA109AD92EE9595200199C81 /* NotesServiceImpl in Frameworks */ = {isa = PBXBuildFile; productRef = AA109AD82EE9595200199C81 /* NotesServiceImpl */; };
		AA109ADB2EE9595200199C81 /* NotesServiceInt in Frameworks */ = {isa = PBXBuildFile; productRef = AA109ADA2EE9595200199C81 /* NotesServiceInt */; };
		AA109ADD2EE9595200199C81 /* NotesTestSupport in Frameworks */ = {isa = PBXBuildFile; productRef = AA109ADC2EE9595200199C81 /* NotesTestSupport */; };
		AA109AE02EE959B200199C81 /* NotesUI in Frameworks */ = {isa = PBXBuildFile; productRef = AA109ADF2EE959B200199C81 /* NotesUI */; };
		AA109AE22EE959B200199C81 /* NotesUIAPI in Frameworks */ = {isa = PBXBuildFile; productRef = AA109AE12EE959B200199C81 /* NotesUIAPI */; };
		AA109AE32EE95A1400199C81 /* NotesModels in Embed Frameworks */ = {isa = PBXBuildFile; productRef = AA109AD22EE9595200199C81 /* NotesModels */; settings = {ATTRIBUTES = (CodeSignOnCopy, ); }; };
		AA109AE42EE95A1600199C81 /* NotesReluxImpl in Embed Frameworks */ = {isa = PBXBuildFile; productRef = AA109AC22EE9584700199C81 /* NotesReluxImpl */; settings = {ATTRIBUTES = (CodeSignOnCopy, ); }; };
		AA109AE52EE95A1700199C81 /* NotesReluxInt in Embed Frameworks */ = {isa = PBXBuildFile; productRef = AA109AD62EE9595200199C81 /* NotesReluxInt */; settings = {ATTRIBUTES = (CodeSignOnCopy, ); }; };
		AA109AE62EE95A1900199C81 /* NotesServiceImpl in Embed Frameworks */ = {isa = PBXBuildFile; productRef = AA109AC62EE9584700199C81 /* NotesServiceImpl */; settings = {ATTRIBUTES = (CodeSignOnCopy, ); }; };
		AA109AE72EE95A1A00199C81 /* NotesServiceInt in Embed Frameworks */ = {isa = PBXBuildFile; productRef = AA109AC82EE9584700199C81 /* NotesServiceInt */; settings = {ATTRIBUTES = (CodeSignOnCopy, ); }; };
		AA109AE82EE95A1B00199C81 /* NotesUI in Embed Frameworks */ = {isa = PBXBuildFile; productRef = AA109ACD2EE9585A00199C81 /* NotesUI */; settings = {ATTRIBUTES = (CodeSignOnCopy, ); }; };
		AA109AE92EE95A1C00199C81 /* NotesUIAPI in Embed Frameworks */ = {isa = PBXBuildFile; productRef = AA109AE12EE959B200199C81 /* NotesUIAPI */; settings = {ATTRIBUTES = (CodeSignOnCopy, ); }; };
		AA4C49512EE9DCF200CCC121 /* NavigationModels in Frameworks */ = {isa = PBXBuildFile; productRef = BB000002000000010000AAAA /* NavigationModels */; };
		AA4C49522EE9DCF200CCC121 /* NavigationReluxInt in Frameworks */ = {isa = PBXBuildFile; productRef = BB000003000000010000AAAA /* NavigationReluxInt */; };
		AA4C49532EE9DCF200CCC121 /* NavigationReluxImpl in Frameworks */ = {isa = PBXBuildFile; productRef = BB000004000000010000AAAA /* NavigationReluxImpl */; };
		AA4C49542EE9DCF200CCC121 /* NavigationUI in Frameworks */ = {isa = PBXBuildFile; productRef = BB000005000000010000AAAA /* NavigationUI */; };
		AA5A923C2EE8EB7B0049F50D /* (null) in Frameworks */ = {isa = PBXBuildFile; };
		AA5A923D2EE8EB7B0049F50D /* (null) in Frameworks */ = {isa = PBXBuildFile; };
		AA5A923E2EE8EB7B0049F50D /* (null) in Frameworks */ = {isa = PBXBuildFile; };
		AA5A923F2EE8EB7B0049F50D /* (null) in Frameworks */ = {isa = PBXBuildFile; };
		AA5CB2B62EE8D5AF0077BFF8 /* Relux in Frameworks */ = {isa = PBXBuildFile; productRef = 70A604BA2D8F401600BE2349 /* Relux */; };
		AA5CB2BF2EE8E0D70077BFF8 /* AuthModels in Frameworks */ = {isa = PBXBuildFile; productRef = AA5CB2BE2EE8E0D70077BFF8 /* AuthModels */; };
		AA5CB2C12EE8E0E30077BFF8 /* AuthReluxInt in Frameworks */ = {isa = PBXBuildFile; productRef = AA5CB2C02EE8E0E30077BFF8 /* AuthReluxInt */; };
		AA5CB2C32EE8E0EF0077BFF8 /* AuthReluxImpl in Frameworks */ = {isa = PBXBuildFile; productRef = AA5CB2C22EE8E0EF0077BFF8 /* AuthReluxImpl */; };
		AA5CB2C52EE8E0FC0077BFF8 /* AuthServiceInt in Frameworks */ = {isa = PBXBuildFile; productRef = AA5CB2C42EE8E0FC0077BFF8 /* AuthServiceInt */; };
		AA5CB2C72EE8E1090077BFF8 /* AuthServiceImpl in Frameworks */ = {isa = PBXBuildFile; productRef = AA5CB2C62EE8E1090077BFF8 /* AuthServiceImpl */; };
		AA5CB2C92EE8E11D0077BFF8 /* AuthModels in Embed Frameworks */ = {isa = PBXBuildFile; productRef = AA5CB2BE2EE8E0D70077BFF8 /* AuthModels */; settings = {ATTRIBUTES = (CodeSignOnCopy, ); }; };
		AA5CB2CA2EE8E1220077BFF8 /* AuthReluxInt in Embed Frameworks */ = {isa = PBXBuildFile; productRef = AA5CB2C02EE8E0E30077BFF8 /* AuthReluxInt */; settings = {ATTRIBUTES = (CodeSignOnCopy, ); }; };
		AA5CB2CB2EE8E1270077BFF8 /* AuthReluxImpl in Embed Frameworks */ = {isa = PBXBuildFile; productRef = AA5CB2C22EE8E0EF0077BFF8 /* AuthReluxImpl */; settings = {ATTRIBUTES = (CodeSignOnCopy, ); }; };
		AA5CB2CC2EE8E12D0077BFF8 /* AuthServiceInt in Embed Frameworks */ = {isa = PBXBuildFile; productRef = AA5CB2C42EE8E0FC0077BFF8 /* AuthServiceInt */; settings = {ATTRIBUTES = (CodeSignOnCopy, ); }; };
		AA5CB2CD2EE8E1320077BFF8 /* AuthServiceImpl in Embed Frameworks */ = {isa = PBXBuildFile; productRef = AA5CB2C62EE8E1090077BFF8 /* AuthServiceImpl */; settings = {ATTRIBUTES = (CodeSignOnCopy, ); }; };
/* End PBXBuildFile section */

/* Begin PBXContainerItemProxy section */
		70A603BD2D8ECD6D00BE2349 /* PBXContainerItemProxy */ = {
			isa = PBXContainerItemProxy;
			containerPortal = 70A603A32D8ECD6900BE2349 /* Project object */;
			proxyType = 1;
			remoteGlobalIDString = 70A603AA2D8ECD6900BE2349;
			remoteInfo = relux_sample;
		};
/* End PBXContainerItemProxy section */

/* Begin PBXCopyFilesBuildPhase section */
		AA5CB2B32EE8CB900077BFF8 /* Embed Frameworks */ = {
			isa = PBXCopyFilesBuildPhase;
			buildActionMask = 2147483647;
			dstPath = "";
			dstSubfolderSpec = 10;
			files = (
				AA109AE72EE95A1A00199C81 /* NotesServiceInt in Embed Frameworks */,
				AA5CB2C92EE8E11D0077BFF8 /* AuthModels in Embed Frameworks */,
				AA109AE62EE95A1900199C81 /* NotesServiceImpl in Embed Frameworks */,
				AA109AE52EE95A1700199C81 /* NotesReluxInt in Embed Frameworks */,
				AA109AE42EE95A1600199C81 /* NotesReluxImpl in Embed Frameworks */,
				AA5CB2CA2EE8E1220077BFF8 /* AuthReluxInt in Embed Frameworks */,
				AA109AE82EE95A1B00199C81 /* NotesUI in Embed Frameworks */,
				AA109AE32EE95A1400199C81 /* NotesModels in Embed Frameworks */,
				AA5CB2CB2EE8E1270077BFF8 /* AuthReluxImpl in Embed Frameworks */,
				AA5CB2CC2EE8E12D0077BFF8 /* AuthServiceInt in Embed Frameworks */,
				AA5CB2CD2EE8E1320077BFF8 /* AuthServiceImpl in Embed Frameworks */,
				AA109AE92EE95A1C00199C81 /* NotesUIAPI in Embed Frameworks */,
			);
			name = "Embed Frameworks";
			runOnlyForDeploymentPostprocessing = 0;
		};
/* End PBXCopyFilesBuildPhase section */

/* Begin PBXFileReference section */
		70A603AB2D8ECD6900BE2349 /* relux_sample.app */ = {isa = PBXFileReference; explicitFileType = wrapper.application; includeInIndex = 0; path = relux_sample.app; sourceTree = BUILT_PRODUCTS_DIR; };
		70A603BC2D8ECD6D00BE2349 /* relux_sampleTests.xctest */ = {isa = PBXFileReference; explicitFileType = wrapper.cfbundle; includeInIndex = 0; path = relux_sampleTests.xctest; sourceTree = BUILT_PRODUCTS_DIR; };
		AA5A934E2EE8FB650049F50D /* swiftui-relux */ = {isa = PBXFileReference; lastKnownFileType = wrapper; name = "swiftui-relux"; path = "../swiftui-relux"; sourceTree = SOURCE_ROOT; };
		AA5CB2B92EE8D3DD0077BFF8 /* relux_sample.xctestplan */ = {isa = PBXFileReference; lastKnownFileType = text; name = relux_sample.xctestplan; path = ../../../../Downloads/relux_sample.xctestplan; sourceTree = "<group>"; };
		AAA1BFFD2EE98CA300F2C526 /* darwin-relux */ = {isa = PBXFileReference; lastKnownFileType = wrapper; name = "darwin-relux"; path = "../darwin-relux"; sourceTree = SOURCE_ROOT; };
		AAA1BFFE2EE98CAF00F2C526 /* swiftui-reluxrouter */ = {isa = PBXFileReference; lastKnownFileType = wrapper; name = "swiftui-reluxrouter"; path = "../swiftui-reluxrouter"; sourceTree = SOURCE_ROOT; };
/* End PBXFileReference section */

/* Begin PBXFileSystemSynchronizedRootGroup section */
		70A603AD2D8ECD6900BE2349 /* relux_sample */ = {
			isa = PBXFileSystemSynchronizedRootGroup;
			path = relux_sample;
			sourceTree = "<group>";
		};
		70A603BF2D8ECD6D00BE2349 /* relux_sampleTests */ = {
			isa = PBXFileSystemSynchronizedRootGroup;
			path = relux_sampleTests;
			sourceTree = "<group>";
		};
/* End PBXFileSystemSynchronizedRootGroup section */

/* Begin PBXFrameworksBuildPhase section */
		70A603A82D8ECD6900BE2349 /* Frameworks */ = {
			isa = PBXFrameworksBuildPhase;
			buildActionMask = 2147483647;
			files = (
				AA4C49542EE9DCF200CCC121 /* NavigationUI in Frameworks */,
				AA4C49532EE9DCF200CCC121 /* NavigationReluxImpl in Frameworks */,
				AA4C49522EE9DCF200CCC121 /* NavigationReluxInt in Frameworks */,
				AA4C49512EE9DCF200CCC121 /* NavigationModels in Frameworks */,
				70992C1F2DDDFDA6007767C7 /* Relux in Frameworks */,
				70992C1E2DDDFDA6007767C7 /* Relux in Frameworks */,
				70992C1D2DDDFDA6007767C7 /* Relux in Frameworks */,
				704F5C372E168D3500FCAE62 /* SwiftUIRelux in Frameworks */,
				AA109AC72EE9584700199C81 /* NotesServiceImpl in Frameworks */,
				7023D0DF2DD23EDA000A3E51 /* SwiftUIRelux in Frameworks */,
				AA109AD72EE9595200199C81 /* NotesReluxInt in Frameworks */,
				AA109AC32EE9584700199C81 /* NotesReluxImpl in Frameworks */,
				AA109ACE2EE9585A00199C81 /* NotesUI in Frameworks */,
				70992D3F2DDDFE8E007767C7 /* Logging in Frameworks */,
				704F5C342E168CBD00FCAE62 /* Relux in Frameworks */,
				AA109AE22EE959B200199C81 /* NotesUIAPI in Frameworks */,
				AA109AD32EE9595200199C81 /* NotesModels in Frameworks */,
				AA109AD52EE9595200199C81 /* NotesReluxImpl in Frameworks */,
				AA5CB2BF2EE8E0D70077BFF8 /* AuthModels in Frameworks */,
				AA109AD02EE9585A00199C81 /* NotesUIAPI in Frameworks */,
				AA5CB2C12EE8E0E30077BFF8 /* AuthReluxInt in Frameworks */,
				AA5CB2C32EE8E0EF0077BFF8 /* AuthReluxImpl in Frameworks */,
				AA5CB2C52EE8E0FC0077BFF8 /* AuthServiceInt in Frameworks */,
				AA5CB2C72EE8E1090077BFF8 /* AuthServiceImpl in Frameworks */,
				AA109AC92EE9584700199C81 /* NotesServiceInt in Frameworks */,
				AA109ADB2EE9595200199C81 /* NotesServiceInt in Frameworks */,
				AA109AE02EE959B200199C81 /* NotesUI in Frameworks */,
				AA109AD92EE9595200199C81 /* NotesServiceImpl in Frameworks */,
				AA109ADD2EE9595200199C81 /* NotesTestSupport in Frameworks */,
				AA109AC52EE9584700199C81 /* NotesReluxInt in Frameworks */,
				AA109ACB2EE9584700199C81 /* NotesTestSupport in Frameworks */,
				70A604C92D9169CD00BE2349 /* ReluxRouter in Frameworks */,
				70A603E72D8ED02000BE2349 /* SwiftIoC in Frameworks */,
				70E0BEEF2E00000100000023 /* AuthUIAPI in Frameworks */,
				AA109AC12EE9584700199C81 /* NotesModels in Frameworks */,
				70E0BEEF2E00000100000024 /* AuthUI in Frameworks */,
			);
			runOnlyForDeploymentPostprocessing = 0;
		};
		70A603B92D8ECD6D00BE2349 /* Frameworks */ = {
			isa = PBXFrameworksBuildPhase;
			buildActionMask = 2147483647;
			files = (
				AA5CB2B62EE8D5AF0077BFF8 /* Relux in Frameworks */,
				AA5A923C2EE8EB7B0049F50D /* (null) in Frameworks */,
				AA5A923D2EE8EB7B0049F50D /* (null) in Frameworks */,
				AA5A923E2EE8EB7B0049F50D /* (null) in Frameworks */,
				AA5A923F2EE8EB7B0049F50D /* (null) in Frameworks */,
			);
			runOnlyForDeploymentPostprocessing = 0;
		};
/* End PBXFrameworksBuildPhase section */

/* Begin PBXGroup section */
		70A603A22D8ECD6900BE2349 = {
			isa = PBXGroup;
			children = (
				AA5CB2B92EE8D3DD0077BFF8 /* relux_sample.xctestplan */,
				70A603AD2D8ECD6900BE2349 /* relux_sample */,
				70A603BF2D8ECD6D00BE2349 /* relux_sampleTests */,
				70B3DD2D2DB6A27A00FA5FA8 /* Frameworks */,
				70A603AC2D8ECD6900BE2349 /* Products */,
				AA5A934E2EE8FB650049F50D /* swiftui-relux */,
				AAA1BFFD2EE98CA300F2C526 /* darwin-relux */,
				AAA1BFFE2EE98CAF00F2C526 /* swiftui-reluxrouter */,
			);
			sourceTree = "<group>";
		};
		70A603AC2D8ECD6900BE2349 /* Products */ = {
			isa = PBXGroup;
			children = (
				70A603AB2D8ECD6900BE2349 /* relux_sample.app */,
				70A603BC2D8ECD6D00BE2349 /* relux_sampleTests.xctest */,
			);
			name = Products;
			sourceTree = "<group>";
		};
		70B3DD2D2DB6A27A00FA5FA8 /* Frameworks */ = {
			isa = PBXGroup;
			children = (
			);
			name = Frameworks;
			sourceTree = "<group>";
		};
/* End PBXGroup section */

/* Begin PBXNativeTarget section */
		70A603AA2D8ECD6900BE2349 /* relux_sample */ = {
			isa = PBXNativeTarget;
			buildConfigurationList = 70A603D02D8ECD6D00BE2349 /* Build configuration list for PBXNativeTarget "relux_sample" */;
			buildPhases = (
				70A603A72D8ECD6900BE2349 /* Sources */,
				70A603A82D8ECD6900BE2349 /* Frameworks */,
				70A603A92D8ECD6900BE2349 /* Resources */,
				AA5CB2B32EE8CB900077BFF8 /* Embed Frameworks */,
			);
			buildRules = (
			);
			dependencies = (
			);
			fileSystemSynchronizedGroups = (
				70A603AD2D8ECD6900BE2349 /* relux_sample */,
			);
			name = relux_sample;
			packageProductDependencies = (
				70A603E62D8ED02000BE2349 /* SwiftIoC */,
				70A604BA2D8F401600BE2349 /* Relux */,
				70A604C82D9169CD00BE2349 /* ReluxRouter */,
				70A604CB2D9169E300BE2349 /* SwiftUIRelux */,
				701F04CA2D93062700BC99C2 /* Relux */,
				70A39F1E2DBAB02600112F5E /* Relux */,
				70992D3E2DDDFE8E007767C7 /* Logging */,
				704F5C332E168CBD00FCAE62 /* Relux */,
				704F5C362E168D3500FCAE62 /* SwiftUIRelux */,
				70E0BEEF2E00000100000013 /* AuthUIAPI */,
				70E0BEEF2E00000100000014 /* AuthUI */,
				AA5CB2BE2EE8E0D70077BFF8 /* AuthModels */,
				AA5CB2C02EE8E0E30077BFF8 /* AuthReluxInt */,
				AA5CB2C22EE8E0EF0077BFF8 /* AuthReluxImpl */,
				AA5CB2C42EE8E0FC0077BFF8 /* AuthServiceInt */,
				AA5CB2C62EE8E1090077BFF8 /* AuthServiceImpl */,
				AA109AC02EE9584700199C81 /* NotesModels */,
				AA109AC22EE9584700199C81 /* NotesReluxImpl */,
				AA109AC42EE9584700199C81 /* NotesReluxInt */,
				AA109AC62EE9584700199C81 /* NotesServiceImpl */,
				AA109AC82EE9584700199C81 /* NotesServiceInt */,
				AA109ACA2EE9584700199C81 /* NotesTestSupport */,
				AA109ACD2EE9585A00199C81 /* NotesUI */,
				AA109ACF2EE9585A00199C81 /* NotesUIAPI */,
				AA109AD22EE9595200199C81 /* NotesModels */,
				AA109AD42EE9595200199C81 /* NotesReluxImpl */,
				AA109AD62EE9595200199C81 /* NotesReluxInt */,
				AA109AD82EE9595200199C81 /* NotesServiceImpl */,
				AA109ADA2EE9595200199C81 /* NotesServiceInt */,
				AA109ADC2EE9595200199C81 /* NotesTestSupport */,
				BB000002000000010000AAAA /* NavigationModels */,
				BB000003000000010000AAAA /* NavigationReluxInt */,
				BB000004000000010000AAAA /* NavigationReluxImpl */,
				BB000005000000010000AAAA /* NavigationUI */,
				AA109ADF2EE959B200199C81 /* NotesUI */,
				AA109AE12EE959B200199C81 /* NotesUIAPI */,
			);
			productName = relux_sample;
			productReference = 70A603AB2D8ECD6900BE2349 /* relux_sample.app */;
			productType = "com.apple.product-type.application";
		};
		70A603BB2D8ECD6D00BE2349 /* relux_sampleTests */ = {
			isa = PBXNativeTarget;
			buildConfigurationList = 70A603D32D8ECD6D00BE2349 /* Build configuration list for PBXNativeTarget "relux_sampleTests" */;
			buildPhases = (
				70A603B82D8ECD6D00BE2349 /* Sources */,
				70A603B92D8ECD6D00BE2349 /* Frameworks */,
				70A603BA2D8ECD6D00BE2349 /* Resources */,
			);
			buildRules = (
			);
			dependencies = (
				70A603BE2D8ECD6D00BE2349 /* PBXTargetDependency */,
			);
			fileSystemSynchronizedGroups = (
				70A603BF2D8ECD6D00BE2349 /* relux_sampleTests */,
			);
			name = relux_sampleTests;
			packageProductDependencies = (
				70A604BA2D8F401600BE2349 /* Relux */,
			);
			productName = relux_sampleTests;
			productReference = 70A603BC2D8ECD6D00BE2349 /* relux_sampleTests.xctest */;
			productType = "com.apple.product-type.bundle.unit-test";
		};
/* End PBXNativeTarget section */

/* Begin PBXProject section */
		70A603A32D8ECD6900BE2349 /* Project object */ = {
			isa = PBXProject;
			attributes = {
				BuildIndependentTargetsInParallel = 1;
				LastSwiftUpdateCheck = 1620;
				LastUpgradeCheck = 2600;
				TargetAttributes = {
					70A603AA2D8ECD6900BE2349 = {
						CreatedOnToolsVersion = 16.2;
					};
					70A603BB2D8ECD6D00BE2349 = {
						CreatedOnToolsVersion = 16.2;
						TestTargetID = 70A603AA2D8ECD6900BE2349;
					};
				};
			};
			buildConfigurationList = 70A603A62D8ECD6900BE2349 /* Build configuration list for PBXProject "relux_sample" */;
			developmentRegion = en;
			hasScannedForEncodings = 0;
			knownRegions = (
				en,
				Base,
			);
			mainGroup = 70A603A22D8ECD6900BE2349;
			minimizedProjectReferenceProxies = 1;
			packageReferences = (
				70A603E52D8ED01F00BE2349 /* XCRemoteSwiftPackageReference "swift-ioc" */,
				70992D3D2DDDFE8E007767C7 /* XCRemoteSwiftPackageReference "swift-log" */,
				70E0BEEF2E00000100000002 /* XCLocalSwiftPackageReference "Packages/AuthUI" */,
				AA5CB2AD2EE8CB8B0077BFF8 /* XCLocalSwiftPackageReference "Packages/Auth" */,
				AA109AD12EE9595200199C81 /* XCLocalSwiftPackageReference "Packages/Notes" */,
				AA109ADE2EE959B200199C81 /* XCLocalSwiftPackageReference "Packages/NotesUI" */,
				BB000001000000010000AAAA /* XCLocalSwiftPackageReference "Packages/Navigation" */,
			);
			preferredProjectObjectVersion = 77;
			productRefGroup = 70A603AC2D8ECD6900BE2349 /* Products */;
			projectDirPath = "";
			projectRoot = "";
			targets = (
				70A603AA2D8ECD6900BE2349 /* relux_sample */,
				70A603BB2D8ECD6D00BE2349 /* relux_sampleTests */,
			);
		};
/* End PBXProject section */

/* Begin PBXResourcesBuildPhase section */
		70A603A92D8ECD6900BE2349 /* Resources */ = {
			isa = PBXResourcesBuildPhase;
			buildActionMask = 2147483647;
			files = (
			);
			runOnlyForDeploymentPostprocessing = 0;
		};
		70A603BA2D8ECD6D00BE2349 /* Resources */ = {
			isa = PBXResourcesBuildPhase;
			buildActionMask = 2147483647;
			files = (
			);
			runOnlyForDeploymentPostprocessing = 0;
		};
/* End PBXResourcesBuildPhase section */

/* Begin PBXSourcesBuildPhase section */
		70A603A72D8ECD6900BE2349 /* Sources */ = {
			isa = PBXSourcesBuildPhase;
			buildActionMask = 2147483647;
			files = (
			);
			runOnlyForDeploymentPostprocessing = 0;
		};
		70A603B82D8ECD6D00BE2349 /* Sources */ = {
			isa = PBXSourcesBuildPhase;
			buildActionMask = 2147483647;
			files = (
			);
			runOnlyForDeploymentPostprocessing = 0;
		};
/* End PBXSourcesBuildPhase section */

/* Begin PBXTargetDependency section */
		70A603BE2D8ECD6D00BE2349 /* PBXTargetDependency */ = {
			isa = PBXTargetDependency;
			target = 70A603AA2D8ECD6900BE2349 /* relux_sample */;
			targetProxy = 70A603BD2D8ECD6D00BE2349 /* PBXContainerItemProxy */;
		};
/* End PBXTargetDependency section */

/* Begin XCBuildConfiguration section */
		70A603CE2D8ECD6D00BE2349 /* Debug */ = {
			isa = XCBuildConfiguration;
			buildSettings = {
				ALWAYS_SEARCH_USER_PATHS = NO;
				ASSETCATALOG_COMPILER_GENERATE_SWIFT_ASSET_SYMBOL_EXTENSIONS = YES;
				CLANG_ANALYZER_NONNULL = YES;
				CLANG_ANALYZER_NUMBER_OBJECT_CONVERSION = YES_AGGRESSIVE;
				CLANG_CXX_LANGUAGE_STANDARD = "gnu++20";
				CLANG_ENABLE_MODULES = YES;
				CLANG_ENABLE_OBJC_ARC = YES;
				CLANG_ENABLE_OBJC_WEAK = YES;
				CLANG_WARN_BLOCK_CAPTURE_AUTORELEASING = YES;
				CLANG_WARN_BOOL_CONVERSION = YES;
				CLANG_WARN_COMMA = YES;
				CLANG_WARN_CONSTANT_CONVERSION = YES;
				CLANG_WARN_DEPRECATED_OBJC_IMPLEMENTATIONS = YES;
				CLANG_WARN_DIRECT_OBJC_ISA_USAGE = YES_ERROR;
				CLANG_WARN_DOCUMENTATION_COMMENTS = YES;
				CLANG_WARN_EMPTY_BODY = YES;
				CLANG_WARN_ENUM_CONVERSION = YES;
				CLANG_WARN_INFINITE_RECURSION = YES;
				CLANG_WARN_INT_CONVERSION = YES;
				CLANG_WARN_NON_LITERAL_NULL_CONVERSION = YES;
				CLANG_WARN_OBJC_IMPLICIT_RETAIN_SELF = YES;
				CLANG_WARN_OBJC_LITERAL_CONVERSION = YES;
				CLANG_WARN_OBJC_ROOT_CLASS = YES_ERROR;
				CLANG_WARN_QUOTED_INCLUDE_IN_FRAMEWORK_HEADER = YES;
				CLANG_WARN_RANGE_LOOP_ANALYSIS = YES;
				CLANG_WARN_STRICT_PROTOTYPES = YES;
				CLANG_WARN_SUSPICIOUS_MOVE = YES;
				CLANG_WARN_UNGUARDED_AVAILABILITY = YES_AGGRESSIVE;
				CLANG_WARN_UNREACHABLE_CODE = YES;
				CLANG_WARN__DUPLICATE_METHOD_MATCH = YES;
				COPY_PHASE_STRIP = NO;
				DEAD_CODE_STRIPPING = YES;
				DEBUG_INFORMATION_FORMAT = dwarf;
				DEVELOPMENT_TEAM = 9V756FF79C;
				ENABLE_STRICT_OBJC_MSGSEND = YES;
				ENABLE_TESTABILITY = YES;
				ENABLE_USER_SCRIPT_SANDBOXING = YES;
				GCC_C_LANGUAGE_STANDARD = gnu17;
				GCC_DYNAMIC_NO_PIC = NO;
				GCC_NO_COMMON_BLOCKS = YES;
				GCC_OPTIMIZATION_LEVEL = 0;
				GCC_PREPROCESSOR_DEFINITIONS = (
					"DEBUG=1",
					"$(inherited)",
				);
				GCC_WARN_64_TO_32_BIT_CONVERSION = YES;
				GCC_WARN_ABOUT_RETURN_TYPE = YES_ERROR;
				GCC_WARN_UNDECLARED_SELECTOR = YES;
				GCC_WARN_UNINITIALIZED_AUTOS = YES_AGGRESSIVE;
				GCC_WARN_UNUSED_FUNCTION = YES;
				GCC_WARN_UNUSED_VARIABLE = YES;
				LOCALIZATION_PREFERS_STRING_CATALOGS = YES;
				MTL_ENABLE_DEBUG_INFO = INCLUDE_SOURCE;
				MTL_FAST_MATH = YES;
				ONLY_ACTIVE_ARCH = YES;
				STRING_CATALOG_GENERATE_SYMBOLS = YES;
				SWIFT_ACTIVE_COMPILATION_CONDITIONS = "DEBUG $(inherited)";
				SWIFT_OPTIMIZATION_LEVEL = "-Onone";
				SWIFT_VERSION = 6.0;
			};
			name = Debug;
		};
		70A603CF2D8ECD6D00BE2349 /* Release */ = {
			isa = XCBuildConfiguration;
			buildSettings = {
				ALWAYS_SEARCH_USER_PATHS = NO;
				ASSETCATALOG_COMPILER_GENERATE_SWIFT_ASSET_SYMBOL_EXTENSIONS = YES;
				CLANG_ANALYZER_NONNULL = YES;
				CLANG_ANALYZER_NUMBER_OBJECT_CONVERSION = YES_AGGRESSIVE;
				CLANG_CXX_LANGUAGE_STANDARD = "gnu++20";
				CLANG_ENABLE_MODULES = YES;
				CLANG_ENABLE_OBJC_ARC = YES;
				CLANG_ENABLE_OBJC_WEAK = YES;
				CLANG_WARN_BLOCK_CAPTURE_AUTORELEASING = YES;
				CLANG_WARN_BOOL_CONVERSION = YES;
				CLANG_WARN_COMMA = YES;
				CLANG_WARN_CONSTANT_CONVERSION = YES;
				CLANG_WARN_DEPRECATED_OBJC_IMPLEMENTATIONS = YES;
				CLANG_WARN_DIRECT_OBJC_ISA_USAGE = YES_ERROR;
				CLANG_WARN_DOCUMENTATION_COMMENTS = YES;
				CLANG_WARN_EMPTY_BODY = YES;
				CLANG_WARN_ENUM_CONVERSION = YES;
				CLANG_WARN_INFINITE_RECURSION = YES;
				CLANG_WARN_INT_CONVERSION = YES;
				CLANG_WARN_NON_LITERAL_NULL_CONVERSION = YES;
				CLANG_WARN_OBJC_IMPLICIT_RETAIN_SELF = YES;
				CLANG_WARN_OBJC_LITERAL_CONVERSION = YES;
				CLANG_WARN_OBJC_ROOT_CLASS = YES_ERROR;
				CLANG_WARN_QUOTED_INCLUDE_IN_FRAMEWORK_HEADER = YES;
				CLANG_WARN_RANGE_LOOP_ANALYSIS = YES;
				CLANG_WARN_STRICT_PROTOTYPES = YES;
				CLANG_WARN_SUSPICIOUS_MOVE = YES;
				CLANG_WARN_UNGUARDED_AVAILABILITY = YES_AGGRESSIVE;
				CLANG_WARN_UNREACHABLE_CODE = YES;
				CLANG_WARN__DUPLICATE_METHOD_MATCH = YES;
				COPY_PHASE_STRIP = NO;
				DEAD_CODE_STRIPPING = YES;
				DEBUG_INFORMATION_FORMAT = "dwarf-with-dsym";
				DEVELOPMENT_TEAM = 9V756FF79C;
				ENABLE_NS_ASSERTIONS = NO;
				ENABLE_STRICT_OBJC_MSGSEND = YES;
				ENABLE_USER_SCRIPT_SANDBOXING = YES;
				GCC_C_LANGUAGE_STANDARD = gnu17;
				GCC_NO_COMMON_BLOCKS = YES;
				GCC_WARN_64_TO_32_BIT_CONVERSION = YES;
				GCC_WARN_ABOUT_RETURN_TYPE = YES_ERROR;
				GCC_WARN_UNDECLARED_SELECTOR = YES;
				GCC_WARN_UNINITIALIZED_AUTOS = YES_AGGRESSIVE;
				GCC_WARN_UNUSED_FUNCTION = YES;
				GCC_WARN_UNUSED_VARIABLE = YES;
				LOCALIZATION_PREFERS_STRING_CATALOGS = YES;
				MTL_ENABLE_DEBUG_INFO = NO;
				MTL_FAST_MATH = YES;
				STRING_CATALOG_GENERATE_SYMBOLS = YES;
				SWIFT_COMPILATION_MODE = wholemodule;
				SWIFT_VERSION = 6.0;
			};
			name = Release;
		};
		70A603D12D8ECD6D00BE2349 /* Debug */ = {
			isa = XCBuildConfiguration;
			buildSettings = {
				ASSETCATALOG_COMPILER_APPICON_NAME = AppIcon;
				ASSETCATALOG_COMPILER_GLOBAL_ACCENT_COLOR_NAME = AccentColor;
				CODE_SIGN_ENTITLEMENTS = relux_sample/relux_sample.entitlements;
				CODE_SIGN_STYLE = Automatic;
				CURRENT_PROJECT_VERSION = 1;
				DEAD_CODE_STRIPPING = YES;
				DEVELOPMENT_ASSET_PATHS = "\"relux_sample/Preview Content\"";
				ENABLE_APP_SANDBOX = YES;
				ENABLE_HARDENED_RUNTIME = YES;
				ENABLE_PREVIEWS = YES;
				ENABLE_USER_SELECTED_FILES = readonly;
				GENERATE_INFOPLIST_FILE = YES;
				"INFOPLIST_KEY_UIApplicationSceneManifest_Generation[sdk=iphoneos*]" = YES;
				"INFOPLIST_KEY_UIApplicationSceneManifest_Generation[sdk=iphonesimulator*]" = YES;
				"INFOPLIST_KEY_UIApplicationSupportsIndirectInputEvents[sdk=iphoneos*]" = YES;
				"INFOPLIST_KEY_UIApplicationSupportsIndirectInputEvents[sdk=iphonesimulator*]" = YES;
				"INFOPLIST_KEY_UILaunchScreen_Generation[sdk=iphoneos*]" = YES;
				"INFOPLIST_KEY_UILaunchScreen_Generation[sdk=iphonesimulator*]" = YES;
				"INFOPLIST_KEY_UIStatusBarStyle[sdk=iphoneos*]" = UIStatusBarStyleDefault;
				"INFOPLIST_KEY_UIStatusBarStyle[sdk=iphonesimulator*]" = UIStatusBarStyleDefault;
				INFOPLIST_KEY_UISupportedInterfaceOrientations_iPad = "UIInterfaceOrientationPortrait UIInterfaceOrientationPortraitUpsideDown UIInterfaceOrientationLandscapeLeft UIInterfaceOrientationLandscapeRight";
				INFOPLIST_KEY_UISupportedInterfaceOrientations_iPhone = "UIInterfaceOrientationPortrait UIInterfaceOrientationLandscapeLeft UIInterfaceOrientationLandscapeRight";
				IPHONEOS_DEPLOYMENT_TARGET = 17.0;
				LD_RUNPATH_SEARCH_PATHS = "$(inherited)";
				"LD_RUNPATH_SEARCH_PATHS[sdk=macosx*]" = "$(inherited)";
				MACOSX_DEPLOYMENT_TARGET = 15.1;
				MARKETING_VERSION = 1.0;
				PRODUCT_BUNDLE_IDENTIFIER = "io.ivalx1s.relux-sample";
				PRODUCT_NAME = "$(TARGET_NAME)";
				SDKROOT = auto;
				SUPPORTED_PLATFORMS = "iphoneos iphonesimulator macosx xros xrsimulator";
				SWIFT_EMIT_LOC_STRINGS = YES;
				SWIFT_UPCOMING_FEATURE_NONISOLATED_NONSENDING_BY_DEFAULT = YES;
				SWIFT_VERSION = 6.0;
				TARGETED_DEVICE_FAMILY = "1,2,7";
				XROS_DEPLOYMENT_TARGET = 2.2;
			};
			name = Debug;
		};
		70A603D22D8ECD6D00BE2349 /* Release */ = {
			isa = XCBuildConfiguration;
			buildSettings = {
				ASSETCATALOG_COMPILER_APPICON_NAME = AppIcon;
				ASSETCATALOG_COMPILER_GLOBAL_ACCENT_COLOR_NAME = AccentColor;
				CODE_SIGN_ENTITLEMENTS = relux_sample/relux_sample.entitlements;
				CODE_SIGN_STYLE = Automatic;
				CURRENT_PROJECT_VERSION = 1;
				DEAD_CODE_STRIPPING = YES;
				DEVELOPMENT_ASSET_PATHS = "\"relux_sample/Preview Content\"";
				ENABLE_APP_SANDBOX = YES;
				ENABLE_HARDENED_RUNTIME = YES;
				ENABLE_PREVIEWS = YES;
				ENABLE_USER_SELECTED_FILES = readonly;
				GENERATE_INFOPLIST_FILE = YES;
				"INFOPLIST_KEY_UIApplicationSceneManifest_Generation[sdk=iphoneos*]" = YES;
				"INFOPLIST_KEY_UIApplicationSceneManifest_Generation[sdk=iphonesimulator*]" = YES;
				"INFOPLIST_KEY_UIApplicationSupportsIndirectInputEvents[sdk=iphoneos*]" = YES;
				"INFOPLIST_KEY_UIApplicationSupportsIndirectInputEvents[sdk=iphonesimulator*]" = YES;
				"INFOPLIST_KEY_UILaunchScreen_Generation[sdk=iphoneos*]" = YES;
				"INFOPLIST_KEY_UILaunchScreen_Generation[sdk=iphonesimulator*]" = YES;
				"INFOPLIST_KEY_UIStatusBarStyle[sdk=iphoneos*]" = UIStatusBarStyleDefault;
				"INFOPLIST_KEY_UIStatusBarStyle[sdk=iphonesimulator*]" = UIStatusBarStyleDefault;
				INFOPLIST_KEY_UISupportedInterfaceOrientations_iPad = "UIInterfaceOrientationPortrait UIInterfaceOrientationPortraitUpsideDown UIInterfaceOrientationLandscapeLeft UIInterfaceOrientationLandscapeRight";
				INFOPLIST_KEY_UISupportedInterfaceOrientations_iPhone = "UIInterfaceOrientationPortrait UIInterfaceOrientationLandscapeLeft UIInterfaceOrientationLandscapeRight";
				IPHONEOS_DEPLOYMENT_TARGET = 17.0;
				LD_RUNPATH_SEARCH_PATHS = "$(inherited)";
				"LD_RUNPATH_SEARCH_PATHS[sdk=macosx*]" = "$(inherited)";
				MACOSX_DEPLOYMENT_TARGET = 15.1;
				MARKETING_VERSION = 1.0;
				PRODUCT_BUNDLE_IDENTIFIER = "io.ivalx1s.relux-sample";
				PRODUCT_NAME = "$(TARGET_NAME)";
				SDKROOT = auto;
				SUPPORTED_PLATFORMS = "iphoneos iphonesimulator macosx xros xrsimulator";
				SWIFT_EMIT_LOC_STRINGS = YES;
				SWIFT_UPCOMING_FEATURE_NONISOLATED_NONSENDING_BY_DEFAULT = YES;
				SWIFT_VERSION = 6.0;
				TARGETED_DEVICE_FAMILY = "1,2,7";
				XROS_DEPLOYMENT_TARGET = 2.2;
			};
			name = Release;
		};
		70A603D42D8ECD6D00BE2349 /* Debug */ = {
			isa = XCBuildConfiguration;
			buildSettings = {
				BUNDLE_LOADER = "$(TEST_HOST)";
				CODE_SIGN_STYLE = Automatic;
				CURRENT_PROJECT_VERSION = 1;
				DEAD_CODE_STRIPPING = YES;
				GENERATE_INFOPLIST_FILE = YES;
				IPHONEOS_DEPLOYMENT_TARGET = 17.0;
				MACOSX_DEPLOYMENT_TARGET = 15.1;
				MARKETING_VERSION = 1.0;
				PRODUCT_BUNDLE_IDENTIFIER = "io.ivalx1s.relux-sampleTests";
				PRODUCT_NAME = "$(TARGET_NAME)";
				SDKROOT = auto;
				SUPPORTED_PLATFORMS = "iphoneos iphonesimulator macosx xros xrsimulator";
				SWIFT_EMIT_LOC_STRINGS = NO;
				SWIFT_VERSION = 6.0;
				TARGETED_DEVICE_FAMILY = "1,2,7";
				TEST_HOST = "$(BUILT_PRODUCTS_DIR)/relux_sample.app/$(BUNDLE_EXECUTABLE_FOLDER_PATH)/relux_sample";
				XROS_DEPLOYMENT_TARGET = 2.2;
			};
			name = Debug;
		};
		70A603D52D8ECD6D00BE2349 /* Release */ = {
			isa = XCBuildConfiguration;
			buildSettings = {
				BUNDLE_LOADER = "$(TEST_HOST)";
				CODE_SIGN_STYLE = Automatic;
				CURRENT_PROJECT_VERSION = 1;
				DEAD_CODE_STRIPPING = YES;
				GENERATE_INFOPLIST_FILE = YES;
				IPHONEOS_DEPLOYMENT_TARGET = 17.0;
				MACOSX_DEPLOYMENT_TARGET = 15.1;
				MARKETING_VERSION = 1.0;
				PRODUCT_BUNDLE_IDENTIFIER = "io.ivalx1s.relux-sampleTests";
				PRODUCT_NAME = "$(TARGET_NAME)";
				SDKROOT = auto;
				SUPPORTED_PLATFORMS = "iphoneos iphonesimulator macosx xros xrsimulator";
				SWIFT_EMIT_LOC_STRINGS = NO;
				SWIFT_VERSION = 6.0;
				TARGETED_DEVICE_FAMILY = "1,2,7";
				TEST_HOST = "$(BUILT_PRODUCTS_DIR)/relux_sample.app/$(BUNDLE_EXECUTABLE_FOLDER_PATH)/relux_sample";
				XROS_DEPLOYMENT_TARGET = 2.2;
			};
			name = Release;
		};
/* End XCBuildConfiguration section */

/* Begin XCConfigurationList section */
		70A603A62D8ECD6900BE2349 /* Build configuration list for PBXProject "relux_sample" */ = {
			isa = XCConfigurationList;
			buildConfigurations = (
				70A603CE2D8ECD6D00BE2349 /* Debug */,
				70A603CF2D8ECD6D00BE2349 /* Release */,
			);
			defaultConfigurationIsVisible = 0;
			defaultConfigurationName = Release;
		};
		70A603D02D8ECD6D00BE2349 /* Build configuration list for PBXNativeTarget "relux_sample" */ = {
			isa = XCConfigurationList;
			buildConfigurations = (
				70A603D12D8ECD6D00BE2349 /* Debug */,
				70A603D22D8ECD6D00BE2349 /* Release */,
			);
			defaultConfigurationIsVisible = 0;
			defaultConfigurationName = Release;
		};
		70A603D32D8ECD6D00BE2349 /* Build configuration list for PBXNativeTarget "relux_sampleTests" */ = {
			isa = XCConfigurationList;
			buildConfigurations = (
				70A603D42D8ECD6D00BE2349 /* Debug */,
				70A603D52D8ECD6D00BE2349 /* Release */,
			);
			defaultConfigurationIsVisible = 0;
			defaultConfigurationName = Release;
		};
/* End XCConfigurationList section */

/* Begin XCLocalSwiftPackageReference section */
		70E0BEEF2E00000100000002 /* XCLocalSwiftPackageReference "Packages/AuthUI" */ = {
			isa = XCLocalSwiftPackageReference;
			relativePath = Packages/AuthUI;
		};
		AA109AD12EE9595200199C81 /* XCLocalSwiftPackageReference "Packages/Notes" */ = {
			isa = XCLocalSwiftPackageReference;
			relativePath = Packages/Notes;
		};
		AA109ADE2EE959B200199C81 /* XCLocalSwiftPackageReference "Packages/NotesUI" */ = {
			isa = XCLocalSwiftPackageReference;
			relativePath = Packages/NotesUI;
		};
		AA5CB2AD2EE8CB8B0077BFF8 /* XCLocalSwiftPackageReference "Packages/Auth" */ = {
			isa = XCLocalSwiftPackageReference;
			relativePath = Packages/Auth;
		};
		BB000001000000010000AAAA /* XCLocalSwiftPackageReference "Packages/Navigation" */ = {
			isa = XCLocalSwiftPackageReference;
			relativePath = Packages/Navigation;
		};
/* End XCLocalSwiftPackageReference section */

/* Begin XCRemoteSwiftPackageReference section */
		70992D3D2DDDFE8E007767C7 /* XCRemoteSwiftPackageReference "swift-log" */ = {
			isa = XCRemoteSwiftPackageReference;
			repositoryURL = "https://github.com/apple/swift-log.git";
			requirement = {
				kind = upToNextMajorVersion;
				minimumVersion = 1.6.3;
			};
		};
		70A603E52D8ED01F00BE2349 /* XCRemoteSwiftPackageReference "swift-ioc" */ = {
			isa = XCRemoteSwiftPackageReference;
			repositoryURL = "https://github.com/ivalx1s/swift-ioc.git";
			requirement = {
				kind = upToNextMajorVersion;
				minimumVersion = 1.0.1;
			};
		};
/* End XCRemoteSwiftPackageReference section */

/* Begin XCSwiftPackageProductDependency section */
		701F04CA2D93062700BC99C2 /* Relux */ = {
			isa = XCSwiftPackageProductDependency;
			productName = Relux;
		};
		704F5C332E168CBD00FCAE62 /* Relux */ = {
			isa = XCSwiftPackageProductDependency;
			productName = Relux;
		};
		704F5C362E168D3500FCAE62 /* SwiftUIRelux */ = {
			isa = XCSwiftPackageProductDependency;
			productName = SwiftUIRelux;
		};
		70992D3E2DDDFE8E007767C7 /* Logging */ = {
			isa = XCSwiftPackageProductDependency;
			package = 70992D3D2DDDFE8E007767C7 /* XCRemoteSwiftPackageReference "swift-log" */;
			productName = Logging;
		};
		70A39F1E2DBAB02600112F5E /* Relux */ = {
			isa = XCSwiftPackageProductDependency;
			productName = Relux;
		};
		70A603E62D8ED02000BE2349 /* SwiftIoC */ = {
			isa = XCSwiftPackageProductDependency;
			package = 70A603E52D8ED01F00BE2349 /* XCRemoteSwiftPackageReference "swift-ioc" */;
			productName = SwiftIoC;
		};
		70A604BA2D8F401600BE2349 /* Relux */ = {
			isa = XCSwiftPackageProductDependency;
			productName = Relux;
		};
		70A604C82D9169CD00BE2349 /* ReluxRouter */ = {
			isa = XCSwiftPackageProductDependency;
			productName = ReluxRouter;
		};
		70A604CB2D9169E300BE2349 /* SwiftUIRelux */ = {
			isa = XCSwiftPackageProductDependency;
			productName = SwiftUIRelux;
		};
		70E0BEEF2E00000100000013 /* AuthUIAPI */ = {
			isa = XCSwiftPackageProductDependency;
			package = 70E0BEEF2E00000100000002 /* XCLocalSwiftPackageReference "Packages/AuthUI" */;
			productName = AuthUIAPI;
		};
		70E0BEEF2E00000100000014 /* AuthUI */ = {
			isa = XCSwiftPackageProductDependency;
			package = 70E0BEEF2E00000100000002 /* XCLocalSwiftPackageReference "Packages/AuthUI" */;
			productName = AuthUI;
		};
		AA109AC02EE9584700199C81 /* NotesModels */ = {
			isa = XCSwiftPackageProductDependency;
			productName = NotesModels;
		};
		AA109AC22EE9584700199C81 /* NotesReluxImpl */ = {
			isa = XCSwiftPackageProductDependency;
			productName = NotesReluxImpl;
		};
		AA109AC42EE9584700199C81 /* NotesReluxInt */ = {
			isa = XCSwiftPackageProductDependency;
			productName = NotesReluxInt;
		};
		AA109AC62EE9584700199C81 /* NotesServiceImpl */ = {
			isa = XCSwiftPackageProductDependency;
			productName = NotesServiceImpl;
		};
		AA109AC82EE9584700199C81 /* NotesServiceInt */ = {
			isa = XCSwiftPackageProductDependency;
			productName = NotesServiceInt;
		};
		AA109ACA2EE9584700199C81 /* NotesTestSupport */ = {
			isa = XCSwiftPackageProductDependency;
			productName = NotesTestSupport;
		};
		AA109ACD2EE9585A00199C81 /* NotesUI */ = {
			isa = XCSwiftPackageProductDependency;
			productName = NotesUI;
		};
		AA109ACF2EE9585A00199C81 /* NotesUIAPI */ = {
			isa = XCSwiftPackageProductDependency;
			productName = NotesUIAPI;
		};
		AA109AD22EE9595200199C81 /* NotesModels */ = {
			isa = XCSwiftPackageProductDependency;
			productName = NotesModels;
		};
		AA109AD42EE9595200199C81 /* NotesReluxImpl */ = {
			isa = XCSwiftPackageProductDependency;
			productName = NotesReluxImpl;
		};
		AA109AD62EE9595200199C81 /* NotesReluxInt */ = {
			isa = XCSwiftPackageProductDependency;
			productName = NotesReluxInt;
		};
		AA109AD82EE9595200199C81 /* NotesServiceImpl */ = {
			isa = XCSwiftPackageProductDependency;
			productName = NotesServiceImpl;
		};
		AA109ADA2EE9595200199C81 /* NotesServiceInt */ = {
			isa = XCSwiftPackageProductDependency;
			productName = NotesServiceInt;
		};
		AA109ADC2EE9595200199C81 /* NotesTestSupport */ = {
			isa = XCSwiftPackageProductDependency;
			productName = NotesTestSupport;
		};
		AA109ADF2EE959B200199C81 /* NotesUI */ = {
			isa = XCSwiftPackageProductDependency;
			productName = NotesUI;
		};
		AA109AE12EE959B200199C81 /* NotesUIAPI */ = {
			isa = XCSwiftPackageProductDependency;
			productName = NotesUIAPI;
		};
		AA5CB2BE2EE8E0D70077BFF8 /* AuthModels */ = {
			isa = XCSwiftPackageProductDependency;
			productName = AuthModels;
		};
		AA5CB2C02EE8E0E30077BFF8 /* AuthReluxInt */ = {
			isa = XCSwiftPackageProductDependency;
			productName = AuthReluxInt;
		};
		AA5CB2C22EE8E0EF0077BFF8 /* AuthReluxImpl */ = {
			isa = XCSwiftPackageProductDependency;
			productName = AuthReluxImpl;
		};
		AA5CB2C42EE8E0FC0077BFF8 /* AuthServiceInt */ = {
			isa = XCSwiftPackageProductDependency;
			productName = AuthServiceInt;
		};
		AA5CB2C62EE8E1090077BFF8 /* AuthServiceImpl */ = {
			isa = XCSwiftPackageProductDependency;
			productName = AuthServiceImpl;
		};
		BB000002000000010000AAAA /* NavigationModels */ = {
			isa = XCSwiftPackageProductDependency;
			package = BB000001000000010000AAAA /* XCLocalSwiftPackageReference "Packages/Navigation" */;
			productName = NavigationModels;
		};
		BB000003000000010000AAAA /* NavigationReluxInt */ = {
			isa = XCSwiftPackageProductDependency;
			package = BB000001000000010000AAAA /* XCLocalSwiftPackageReference "Packages/Navigation" */;
			productName = NavigationReluxInt;
		};
		BB000004000000010000AAAA /* NavigationReluxImpl */ = {
			isa = XCSwiftPackageProductDependency;
			package = BB000001000000010000AAAA /* XCLocalSwiftPackageReference "Packages/Navigation" */;
			productName = NavigationReluxImpl;
		};
		BB000005000000010000AAAA /* NavigationUI */ = {
			isa = XCSwiftPackageProductDependency;
			package = BB000001000000010000AAAA /* XCLocalSwiftPackageReference "Packages/Navigation" */;
			productName = NavigationUI;
		};
/* End XCSwiftPackageProductDependency section */
	};
	rootObject = 70A603A32D8ECD6900BE2349 /* Project object */;
}
